
Microsoft Visual Studio Solution File, Format Version 12.00
# Visual Studio 15
Project("{FAE04EC0-301F-11D3-BF4B-00C04F79EFBC}") = "program", "program\program.csproj", "{F49C5F8E-11BB-4B07-B0F8-CE8C77555C1A}"
EndProject
Global
	GlobalSection(SolutionConfigurationPlatforms) = preSolution
		Debug|x86 = Debug|x86
		Release|x86 = Release|x86
	EndGlobalSection
	GlobalSection(ProjectConfigurationPlatforms) = postSolution
		{F49C5F8E-11BB-4B07-B0F8-CE8C77555C1A}.Debug|x86.ActiveCfg = Debug|x86
		{F49C5F8E-11BB-4B07-B0F8-CE8C77555C1A}.Debug|x86.Build.0 = Debug|x86
		{F49C5F8E-11BB-4B07-B0F8-CE8C77555C1A}.Release|x86.ActiveCfg = Release|x86
		{F49C5F8E-11BB-4B07-B0F8-CE8C77555C1A}.Release|x86.Build.0 = Release|x86
	EndGlobalSection
EndGlobal
