
Microsoft Visual Studio Solution File, Format Version 12.00
# Visual Studio 15
Project("{FAE04EC0-301F-11D3-BF4B-00C04F79EFBC}") = "BaiJi", "BaiJi\BaiJi.csproj", "{911AD978-ED6D-49B0-90CC-406DCB7FDEE2}"
EndProject
Global
	GlobalSection(SolutionConfigurationPlatforms) = preSolution
		Debug|x86 = Debug|x86
		Release|x86 = Release|x86
	EndGlobalSection
	GlobalSection(ProjectConfigurationPlatforms) = postSolution
		{911AD978-ED6D-49B0-90CC-406DCB7FDEE2}.Debug|x86.ActiveCfg = Debug|x86
		{911AD978-ED6D-49B0-90CC-406DCB7FDEE2}.Debug|x86.Build.0 = Debug|x86
		{911AD978-ED6D-49B0-90CC-406DCB7FDEE2}.Release|x86.ActiveCfg = Release|x86
		{911AD978-ED6D-49B0-90CC-406DCB7FDEE2}.Release|x86.Build.0 = Release|x86
	EndGlobalSection
EndGlobal
