
Microsoft Visual Studio Solution File, Format Version 12.00
# Visual Studio Version 16
VisualStudioVersion = 16.0.29613.14
MinimumVisualStudioVersion = 10.0.40219.1
Project("{FAE04EC0-301F-11D3-BF4B-00C04F79EFBC}") = "Age", "Age\Age.csproj", "{9700F785-0286-4E2A-BF57-24CED7E9D48C}"
EndProject
Global
	GlobalSection(SolutionConfigurationPlatforms) = preSolution
		Debug|Any CPU = Debug|Any CPU
		Release|Any CPU = Release|Any CPU
	EndGlobalSection
	GlobalSection(ProjectConfigurationPlatforms) = postSolution
		{9700F785-0286-4E2A-BF57-24CED7E9D48C}.Debug|Any CPU.ActiveCfg = Debug|Any CPU
		{9700F785-0286-4E2A-BF57-24CED7E9D48C}.Debug|Any CPU.Build.0 = Debug|Any CPU
		{9700F785-0286-4E2A-BF57-24CED7E9D48C}.Release|Any CPU.ActiveCfg = Release|Any CPU
		{9700F785-0286-4E2A-BF57-24CED7E9D48C}.Release|Any CPU.Build.0 = Release|Any CPU
	EndGlobalSection
	GlobalSection(SolutionProperties) = preSolution
		HideSolutionNode = FALSE
	EndGlobalSection
	GlobalSection(ExtensibilityGlobals) = postSolution
		SolutionGuid = {FD4ADDEF-CF4D-4904-BDA3-20BE98DCAA74}
	EndGlobalSection
EndGlobal
